// !$*UTF8*$!
{
	archiveVersion = 1;
	classes = {
	};
	objectVersion = 50;
	objects = {

/* Begin PBXBuildFile section */
		EE5E470625437193004E3928 /* AppDelegate.swift in Sources */ = {isa = PBXBuildFile; fileRef = EE5E470525437193004E3928 /* AppDelegate.swift */; };
		EE5E470825437193004E3928 /* SceneDelegate.swift in Sources */ = {isa = PBXBuildFile; fileRef = EE5E470725437193004E3928 /* SceneDelegate.swift */; };
		EE5E470A25437193004E3928 /* ViewController.swift in Sources */ = {isa = PBXBuildFile; fileRef = EE5E470925437193004E3928 /* ViewController.swift */; };
		EE5E470D25437193004E3928 /* Main.storyboard in Resources */ = {isa = PBXBuildFile; fileRef = EE5E470B25437193004E3928 /* Main.storyboard */; };
		EE5E470F25437198004E3928 /* Assets.xcassets in Resources */ = {isa = PBXBuildFile; fileRef = EE5E470E25437198004E3928 /* Assets.xcassets */; };
		EE5E471225437198004E3928 /* LaunchScreen.storyboard in Resources */ = {isa = PBXBuildFile; fileRef = EE5E471025437198004E3928 /* LaunchScreen.storyboard */; };
		EE5E471C25470E42004E3928 /* Board.swift in Sources */ = {isa = PBXBuildFile; fileRef = EE5E471B25470E42004E3928 /* Board.swift */; };
		EE5E471F254B7109004E3928 /* Player.swift in Sources */ = {isa = PBXBuildFile; fileRef = EE5E471E254B7109004E3928 /* Player.swift */; };
		EE5E4722254E14B7004E3928 /* Move.swift in Sources */ = {isa = PBXBuildFile; fileRef = EE5E4721254E14B7004E3928 /* Move.swift */; };
/* End PBXBuildFile section */

/* Begin PBXFileReference section */
		EE5E470225437193004E3928 /* GameplayKit testing_app.app */ = {isa = PBXFileReference; explicitFileType = wrapper.application; includeInIndex = 0; path = "GameplayKit testing_app.app"; sourceTree = BUILT_PRODUCTS_DIR; };
		EE5E470525437193004E3928 /* AppDelegate.swift */ = {isa = PBXFileReference; lastKnownFileType = sourcecode.swift; path = AppDelegate.swift; sourceTree = "<group>"; };
		EE5E470725437193004E3928 /* SceneDelegate.swift */ = {isa = PBXFileReference; lastKnownFileType = sourcecode.swift; path = SceneDelegate.swift; sourceTree = "<group>"; };
		EE5E470925437193004E3928 /* ViewController.swift */ = {isa = PBXFileReference; lastKnownFileType = sourcecode.swift; path = ViewController.swift; sourceTree = "<group>"; };
		EE5E470C25437193004E3928 /* Base */ = {isa = PBXFileReference; lastKnownFileType = file.storyboard; name = Base; path = Base.lproj/Main.storyboard; sourceTree = "<group>"; };
		EE5E470E25437198004E3928 /* Assets.xcassets */ = {isa = PBXFileReference; lastKnownFileType = folder.assetcatalog; path = Assets.xcassets; sourceTree = "<group>"; };
		EE5E471125437198004E3928 /* Base */ = {isa = PBXFileReference; lastKnownFileType = file.storyboard; name = Base; path = Base.lproj/LaunchScreen.storyboard; sourceTree = "<group>"; };
		EE5E471325437198004E3928 /* Info.plist */ = {isa = PBXFileReference; lastKnownFileType = text.plist.xml; path = Info.plist; sourceTree = "<group>"; };
		EE5E471B25470E42004E3928 /* Board.swift */ = {isa = PBXFileReference; lastKnownFileType = sourcecode.swift; path = Board.swift; sourceTree = "<group>"; };
		EE5E471E254B7109004E3928 /* Player.swift */ = {isa = PBXFileReference; lastKnownFileType = sourcecode.swift; path = Player.swift; sourceTree = "<group>"; };
		EE5E4721254E14B7004E3928 /* Move.swift */ = {isa = PBXFileReference; lastKnownFileType = sourcecode.swift; path = Move.swift; sourceTree = "<group>"; };
/* End PBXFileReference section */

/* Begin PBXFrameworksBuildPhase section */
		EE5E46FF25437193004E3928 /* Frameworks */ = {
			isa = PBXFrameworksBuildPhase;
			buildActionMask = 2147483647;
			files = (
			);
			runOnlyForDeploymentPostprocessing = 0;
		};
/* End PBXFrameworksBuildPhase section */

/* Begin PBXGroup section */
		EE5E46F925437193004E3928 = {
			isa = PBXGroup;
			children = (
				EE5E470425437193004E3928 /* GameplayKit testing_app */,
				EE5E470325437193004E3928 /* Products */,
			);
			sourceTree = "<group>";
		};
		EE5E470325437193004E3928 /* Products */ = {
			isa = PBXGroup;
			children = (
				EE5E470225437193004E3928 /* GameplayKit testing_app.app */,
			);
			name = Products;
			sourceTree = "<group>";
		};
		EE5E470425437193004E3928 /* GameplayKit testing_app */ = {
			isa = PBXGroup;
			children = (
				EE5E470525437193004E3928 /* AppDelegate.swift */,
				EE5E470725437193004E3928 /* SceneDelegate.swift */,
				EE5E471B25470E42004E3928 /* Board.swift */,
				EE5E4721254E14B7004E3928 /* Move.swift */,
				EE5E470925437193004E3928 /* ViewController.swift */,
				EE5E470B25437193004E3928 /* Main.storyboard */,
				EE5E471E254B7109004E3928 /* Player.swift */,
				EE5E470E25437198004E3928 /* Assets.xcassets */,
				EE5E471025437198004E3928 /* LaunchScreen.storyboard */,
				EE5E471325437198004E3928 /* Info.plist */,
			);
			path = "GameplayKit testing_app";
			sourceTree = "<group>";
		};
/* End PBXGroup section */

/* Begin PBXNativeTarget section */
		EE5E470125437193004E3928 /* GameplayKit testing_app */ = {
			isa = PBXNativeTarget;
			buildConfigurationList = EE5E471625437198004E3928 /* Build configuration list for PBXNativeTarget "GameplayKit testing_app" */;
			buildPhases = (
				EE5E46FE25437193004E3928 /* Sources */,
				EE5E46FF25437193004E3928 /* Frameworks */,
				EE5E470025437193004E3928 /* Resources */,
			);
			buildRules = (
			);
			dependencies = (
			);
			name = "GameplayKit testing_app";
			productName = "GameplayKit testing_app";
			productReference = EE5E470225437193004E3928 /* GameplayKit testing_app.app */;
			productType = "com.apple.product-type.application";
		};
/* End PBXNativeTarget section */

/* Begin PBXProject section */
		EE5E46FA25437193004E3928 /* Project object */ = {
			isa = PBXProject;
			attributes = {
				LastSwiftUpdateCheck = 1200;
				LastUpgradeCheck = 1200;
				TargetAttributes = {
					EE5E470125437193004E3928 = {
						CreatedOnToolsVersion = 12.0.1;
					};
				};
			};
			buildConfigurationList = EE5E46FD25437193004E3928 /* Build configuration list for PBXProject "GameplayKit testing_app" */;
			compatibilityVersion = "Xcode 9.3";
			developmentRegion = en;
			hasScannedForEncodings = 0;
			knownRegions = (
				en,
				Base,
			);
			mainGroup = EE5E46F925437193004E3928;
			productRefGroup = EE5E470325437193004E3928 /* Products */;
			projectDirPath = "";
			projectRoot = "";
			targets = (
				EE5E470125437193004E3928 /* GameplayKit testing_app */,
			);
		};
/* End PBXProject section */

/* Begin PBXResourcesBuildPhase section */
		EE5E470025437193004E3928 /* Resources */ = {
			isa = PBXResourcesBuildPhase;
			buildActionMask = 2147483647;
			files = (
				EE5E471225437198004E3928 /* LaunchScreen.storyboard in Resources */,
				EE5E470F25437198004E3928 /* Assets.xcassets in Resources */,
				EE5E470D25437193004E3928 /* Main.storyboard in Resources */,
			);
			runOnlyForDeploymentPostprocessing = 0;
		};
/* End PBXResourcesBuildPhase section */

/* Begin PBXSourcesBuildPhase section */
		EE5E46FE25437193004E3928 /* Sources */ = {
			isa = PBXSourcesBuildPhase;
			buildActionMask = 2147483647;
			files = (
				EE5E470A25437193004E3928 /* ViewController.swift in Sources */,
				EE5E470625437193004E3928 /* AppDelegate.swift in Sources */,
				EE5E471C25470E42004E3928 /* Board.swift in Sources */,
				EE5E471F254B7109004E3928 /* Player.swift in Sources */,
				EE5E4722254E14B7004E3928 /* Move.swift in Sources */,
				EE5E470825437193004E3928 /* SceneDelegate.swift in Sources */,
			);
			runOnlyForDeploymentPostprocessing = 0;
		};
/* End PBXSourcesBuildPhase section */

/* Begin PBXVariantGroup section */
		EE5E470B25437193004E3928 /* Main.storyboard */ = {
			isa = PBXVariantGroup;
			children = (
				EE5E470C25437193004E3928 /* Base */,
			);
			name = Main.storyboard;
			sourceTree = "<group>";
		};
		EE5E471025437198004E3928 /* LaunchScreen.storyboard */ = {
			isa = PBXVariantGroup;
			children = (
				EE5E471125437198004E3928 /* Base */,
			);
			name = LaunchScreen.storyboard;
			sourceTree = "<group>";
		};
/* End PBXVariantGroup section */

/* Begin XCBuildConfiguration section */
		EE5E471425437198004E3928 /* Debug */ = {
			isa = XCBuildConfiguration;
			buildSettings = {
				ALWAYS_SEARCH_USER_PATHS = NO;
				CLANG_ANALYZER_NONNULL = YES;
				CLANG_ANALYZER_NUMBER_OBJECT_CONVERSION = YES_AGGRESSIVE;
				CLANG_CXX_LANGUAGE_STANDARD = "gnu++14";
				CLANG_CXX_LIBRARY = "libc++";
				CLANG_ENABLE_MODULES = YES;
				CLANG_ENABLE_OBJC_ARC = YES;
				CLANG_ENABLE_OBJC_WEAK = YES;
				CLANG_WARN_BLOCK_CAPTURE_AUTORELEASING = YES;
				CLANG_WARN_BOOL_CONVERSION = YES;
				CLANG_WARN_COMMA = YES;
				CLANG_WARN_CONSTANT_CONVERSION = YES;
				CLANG_WARN_DEPRECATED_OBJC_IMPLEMENTATIONS = YES;
				CLANG_WARN_DIRECT_OBJC_ISA_USAGE = YES_ERROR;
				CLANG_WARN_DOCUMENTATION_COMMENTS = YES;
				CLANG_WARN_EMPTY_BODY = YES;
				CLANG_WARN_ENUM_CONVERSION = YES;
				CLANG_WARN_INFINITE_RECURSION = YES;
				CLANG_WARN_INT_CONVERSION = YES;
				CLANG_WARN_NON_LITERAL_NULL_CONVERSION = YES;
				CLANG_WARN_OBJC_IMPLICIT_RETAIN_SELF = YES;
				CLANG_WARN_OBJC_LITERAL_CONVERSION = YES;
				CLANG_WARN_OBJC_ROOT_CLASS = YES_ERROR;
				CLANG_WARN_QUOTED_INCLUDE_IN_FRAMEWORK_HEADER = YES;
				CLANG_WARN_RANGE_LOOP_ANALYSIS = YES;
				CLANG_WARN_STRICT_PROTOTYPES = YES;
				CLANG_WARN_SUSPICIOUS_MOVE = YES;
				CLANG_WARN_UNGUARDED_AVAILABILITY = YES_AGGRESSIVE;
				CLANG_WARN_UNREACHABLE_CODE = YES;
				CLANG_WARN__DUPLICATE_METHOD_MATCH = YES;
				COPY_PHASE_STRIP = NO;
				DEBUG_INFORMATION_FORMAT = dwarf;
				ENABLE_STRICT_OBJC_MSGSEND = YES;
				ENABLE_TESTABILITY = YES;
				GCC_C_LANGUAGE_STANDARD = gnu11;
				GCC_DYNAMIC_NO_PIC = NO;
				GCC_NO_COMMON_BLOCKS = YES;
				GCC_OPTIMIZATION_LEVEL = 0;
				GCC_PREPROCESSOR_DEFINITIONS = (
					"DEBUG=1",
					"$(inherited)",
				);
				GCC_WARN_64_TO_32_BIT_CONVERSION = YES;
				GCC_WARN_ABOUT_RETURN_TYPE = YES_ERROR;
				GCC_WARN_UNDECLARED_SELECTOR = YES;
				GCC_WARN_UNINITIALIZED_AUTOS = YES_AGGRESSIVE;
				GCC_WARN_UNUSED_FUNCTION = YES;
				GCC_WARN_UNUSED_VARIABLE = YES;
				IPHONEOS_DEPLOYMENT_TARGET = 14.0;
				MTL_ENABLE_DEBUG_INFO = INCLUDE_SOURCE;
				MTL_FAST_MATH = YES;
				ONLY_ACTIVE_ARCH = YES;
				SDKROOT = iphoneos;
				SWIFT_ACTIVE_COMPILATION_CONDITIONS = DEBUG;
				SWIFT_OPTIMIZATION_LEVEL = "-Onone";
			};
			name = Debug;
		};
		EE5E471525437198004E3928 /* Release */ = {
			isa = XCBuildConfiguration;
			buildSettings = {
				ALWAYS_SEARCH_USER_PATHS = NO;
				CLANG_ANALYZER_NONNULL = YES;
				CLANG_ANALYZER_NUMBER_OBJECT_CONVERSION = YES_AGGRESSIVE;
				CLANG_CXX_LANGUAGE_STANDARD = "gnu++14";
				CLANG_CXX_LIBRARY = "libc++";
				CLANG_ENABLE_MODULES = YES;
				CLANG_ENABLE_OBJC_ARC = YES;
				CLANG_ENABLE_OBJC_WEAK = YES;
				CLANG_WARN_BLOCK_CAPTURE_AUTORELEASING = YES;
				CLANG_WARN_BOOL_CONVERSION = YES;
				CLANG_WARN_COMMA = YES;
				CLANG_WARN_CONSTANT_CONVERSION = YES;
				CLANG_WARN_DEPRECATED_OBJC_IMPLEMENTATIONS = YES;
				CLANG_WARN_DIRECT_OBJC_ISA_USAGE = YES_ERROR;
				CLANG_WARN_DOCUMENTATION_COMMENTS = YES;
				CLANG_WARN_EMPTY_BODY = YES;
				CLANG_WARN_ENUM_CONVERSION = YES;
				CLANG_WARN_INFINITE_RECURSION = YES;
				CLANG_WARN_INT_CONVERSION = YES;
				CLANG_WARN_NON_LITERAL_NULL_CONVERSION = YES;
				CLANG_WARN_OBJC_IMPLICIT_RETAIN_SELF = YES;
				CLANG_WARN_OBJC_LITERAL_CONVERSION = YES;
				CLANG_WARN_OBJC_ROOT_CLASS = YES_ERROR;
				CLANG_WARN_QUOTED_INCLUDE_IN_FRAMEWORK_HEADER = YES;
				CLANG_WARN_RANGE_LOOP_ANALYSIS = YES;
				CLANG_WARN_STRICT_PROTOTYPES = YES;
				CLANG_WARN_SUSPICIOUS_MOVE = YES;
				CLANG_WARN_UNGUARDED_AVAILABILITY = YES_AGGRESSIVE;
				CLANG_WARN_UNREACHABLE_CODE = YES;
				CLANG_WARN__DUPLICATE_METHOD_MATCH = YES;
				COPY_PHASE_STRIP = NO;
				DEBUG_INFORMATION_FORMAT = "dwarf-with-dsym";
				ENABLE_NS_ASSERTIONS = NO;
				ENABLE_STRICT_OBJC_MSGSEND = YES;
				GCC_C_LANGUAGE_STANDARD = gnu11;
				GCC_NO_COMMON_BLOCKS = YES;
				GCC_WARN_64_TO_32_BIT_CONVERSION = YES;
				GCC_WARN_ABOUT_RETURN_TYPE = YES_ERROR;
				GCC_WARN_UNDECLARED_SELECTOR = YES;
				GCC_WARN_UNINITIALIZED_AUTOS = YES_AGGRESSIVE;
				GCC_WARN_UNUSED_FUNCTION = YES;
				GCC_WARN_UNUSED_VARIABLE = YES;
				IPHONEOS_DEPLOYMENT_TARGET = 14.0;
				MTL_ENABLE_DEBUG_INFO = NO;
				MTL_FAST_MATH = YES;
				SDKROOT = iphoneos;
				SWIFT_COMPILATION_MODE = wholemodule;
				SWIFT_OPTIMIZATION_LEVEL = "-O";
				VALIDATE_PRODUCT = YES;
			};
			name = Release;
		};
		EE5E471725437198004E3928 /* Debug */ = {
			isa = XCBuildConfiguration;
			buildSettings = {
				ASSETCATALOG_COMPILER_APPICON_NAME = AppIcon;
				ASSETCATALOG_COMPILER_GLOBAL_ACCENT_COLOR_NAME = AccentColor;
				CODE_SIGN_STYLE = Automatic;
				DEVELOPMENT_TEAM = 7FZ5UVTS24;
				INFOPLIST_FILE = "GameplayKit testing_app/Info.plist";
				LD_RUNPATH_SEARCH_PATHS = (
					"$(inherited)",
					"@executable_path/Frameworks",
				);
				PRODUCT_BUNDLE_IDENTIFIER = "com.MeerkatWorks.GameplayKit-testing-app";
				PRODUCT_NAME = "$(TARGET_NAME)";
				SWIFT_VERSION = 5.0;
				TARGETED_DEVICE_FAMILY = 2;
			};
			name = Debug;
		};
		EE5E471825437198004E3928 /* Release */ = {
			isa = XCBuildConfiguration;
			buildSettings = {
				ASSETCATALOG_COMPILER_APPICON_NAME = AppIcon;
				ASSETCATALOG_COMPILER_GLOBAL_ACCENT_COLOR_NAME = AccentColor;
				CODE_SIGN_STYLE = Automatic;
				DEVELOPMENT_TEAM = 7FZ5UVTS24;
				INFOPLIST_FILE = "GameplayKit testing_app/Info.plist";
				LD_RUNPATH_SEARCH_PATHS = (
					"$(inherited)",
					"@executable_path/Frameworks",
				);
				PRODUCT_BUNDLE_IDENTIFIER = "com.MeerkatWorks.GameplayKit-testing-app";
				PRODUCT_NAME = "$(TARGET_NAME)";
				SWIFT_VERSION = 5.0;
				TARGETED_DEVICE_FAMILY = 2;
			};
			name = Release;
		};
/* End XCBuildConfiguration section */

/* Begin XCConfigurationList section */
		EE5E46FD25437193004E3928 /* Build configuration list for PBXProject "GameplayKit testing_app" */ = {
			isa = XCConfigurationList;
			buildConfigurations = (
				EE5E471425437198004E3928 /* Debug */,
				EE5E471525437198004E3928 /* Release */,
			);
			defaultConfigurationIsVisible = 0;
			defaultConfigurationName = Release;
		};
		EE5E471625437198004E3928 /* Build configuration list for PBXNativeTarget "GameplayKit testing_app" */ = {
			isa = XCConfigurationList;
			buildConfigurations = (
				EE5E471725437198004E3928 /* Debug */,
				EE5E471825437198004E3928 /* Release */,
			);
			defaultConfigurationIsVisible = 0;
			defaultConfigurationName = Release;
		};
/* End XCConfigurationList section */
	};
	rootObject = EE5E46FA25437193004E3928 /* Project object */;
}
